
Microsoft Visual Studio Solution File, Format Version 12.00
# Visual Studio Version 16
VisualStudioVersion = 16.0.31112.23
MinimumVisualStudioVersion = 10.0.40219.1
Project("{FAE04EC0-301F-11D3-BF4B-00C04F79EFBC}") = "Project-Football", "Project-Football\Project-Football.csproj", "{2A960D30-7F20-43A6-8304-5204CEB01399}"
EndProject
Global
	GlobalSection(SolutionConfigurationPlatforms) = preSolution
		Debug|Any CPU = Debug|Any CPU
		Release|Any CPU = Release|Any CPU
	EndGlobalSection
	GlobalSection(ProjectConfigurationPlatforms) = postSolution
		{2A960D30-7F20-43A6-8304-5204CEB01399}.Debug|Any CPU.ActiveCfg = Debug|Any CPU
		{2A960D30-7F20-43A6-8304-5204CEB01399}.Debug|Any CPU.Build.0 = Debug|Any CPU
		{2A960D30-7F20-43A6-8304-5204CEB01399}.Release|Any CPU.ActiveCfg = Release|Any CPU
		{2A960D30-7F20-43A6-8304-5204CEB01399}.Release|Any CPU.Build.0 = Release|Any CPU
	EndGlobalSection
	GlobalSection(SolutionProperties) = preSolution
		HideSolutionNode = FALSE
	EndGlobalSection
	GlobalSection(ExtensibilityGlobals) = postSolution
		SolutionGuid = {92624692-B9BE-47F4-AA5E-CC303A7E937F}
	EndGlobalSection
EndGlobal
